// !$*UTF8*$!
{
	archiveVersion = 1;
	classes = {
	};
	objectVersion = 46;
	objects = {

/* Begin PBXBuildFile section */
		A20F4F3C1C5C159B003AF823 /* AppDelegate.swift in Sources */ = {isa = PBXBuildFile; fileRef = A20F4F3B1C5C159B003AF823 /* AppDelegate.swift */; };
		A20F4F3E1C5C159B003AF823 /* ViewController.swift in Sources */ = {isa = PBXBuildFile; fileRef = A20F4F3D1C5C159B003AF823 /* ViewController.swift */; };
		A20F4F441C5C159B003AF823 /* ToDoList.xcdatamodeld in Sources */ = {isa = PBXBuildFile; fileRef = A20F4F421C5C159B003AF823 /* ToDoList.xcdatamodeld */; };
		A20F4F461C5C159B003AF823 /* Assets.xcassets in Resources */ = {isa = PBXBuildFile; fileRef = A20F4F451C5C159B003AF823 /* Assets.xcassets */; };
		A20F4F491C5C159B003AF823 /* LaunchScreen.storyboard in Resources */ = {isa = PBXBuildFile; fileRef = A20F4F471C5C159B003AF823 /* LaunchScreen.storyboard */; };
		A20F4F591C5C1A18003AF823 /* Task+CoreDataProperties.swift in Sources */ = {isa = PBXBuildFile; fileRef = A20F4F571C5C1A18003AF823 /* Task+CoreDataProperties.swift */; };
		A20F4F5A1C5C1A18003AF823 /* Task.swift in Sources */ = {isa = PBXBuildFile; fileRef = A20F4F581C5C1A18003AF823 /* Task.swift */; };
		A20F4F5B1C5C1A5A003AF823 /* Main.storyboard in Resources */ = {isa = PBXBuildFile; fileRef = A20F4F3F1C5C159B003AF823 /* Main.storyboard */; };
/* End PBXBuildFile section */

/* Begin PBXFileReference section */
		A20F4F381C5C159B003AF823 /* ToDoList.app */ = {isa = PBXFileReference; explicitFileType = wrapper.application; includeInIndex = 0; path = ToDoList.app; sourceTree = BUILT_PRODUCTS_DIR; };
		A20F4F3B1C5C159B003AF823 /* AppDelegate.swift */ = {isa = PBXFileReference; lastKnownFileType = sourcecode.swift; path = AppDelegate.swift; sourceTree = "<group>"; };
		A20F4F3D1C5C159B003AF823 /* ViewController.swift */ = {isa = PBXFileReference; lastKnownFileType = sourcecode.swift; path = ViewController.swift; sourceTree = "<group>"; };
		A20F4F401C5C159B003AF823 /* Base */ = {isa = PBXFileReference; lastKnownFileType = file.storyboard; name = Base; path = Base.lproj/Main.storyboard; sourceTree = "<group>"; };
		A20F4F431C5C159B003AF823 /* ToDoList.xcdatamodel */ = {isa = PBXFileReference; lastKnownFileType = wrapper.xcdatamodel; path = ToDoList.xcdatamodel; sourceTree = "<group>"; };
		A20F4F451C5C159B003AF823 /* Assets.xcassets */ = {isa = PBXFileReference; lastKnownFileType = folder.assetcatalog; path = Assets.xcassets; sourceTree = "<group>"; };
		A20F4F481C5C159B003AF823 /* Base */ = {isa = PBXFileReference; lastKnownFileType = file.storyboard; name = Base; path = Base.lproj/LaunchScreen.storyboard; sourceTree = "<group>"; };
		A20F4F4A1C5C159B003AF823 /* Info.plist */ = {isa = PBXFileReference; lastKnownFileType = text.plist.xml; path = Info.plist; sourceTree = "<group>"; };
		A20F4F571C5C1A18003AF823 /* Task+CoreDataProperties.swift */ = {isa = PBXFileReference; fileEncoding = 4; lastKnownFileType = sourcecode.swift; name = "Task+CoreDataProperties.swift"; path = "../Task+CoreDataProperties.swift"; sourceTree = "<group>"; };
		A20F4F581C5C1A18003AF823 /* Task.swift */ = {isa = PBXFileReference; fileEncoding = 4; lastKnownFileType = sourcecode.swift; name = Task.swift; path = ../Task.swift; sourceTree = "<group>"; };
/* End PBXFileReference section */

/* Begin PBXFrameworksBuildPhase section */
		A20F4F351C5C159B003AF823 /* Frameworks */ = {
			isa = PBXFrameworksBuildPhase;
			buildActionMask = 2147483647;
			files = (
			);
			runOnlyForDeploymentPostprocessing = 0;
		};
/* End PBXFrameworksBuildPhase section */

/* Begin PBXGroup section */
		A20F4F2F1C5C159B003AF823 = {
			isa = PBXGroup;
			children = (
				A20F4F3A1C5C159B003AF823 /* ToDoList */,
				A20F4F391C5C159B003AF823 /* Products */,
			);
			sourceTree = "<group>";
		};
		A20F4F391C5C159B003AF823 /* Products */ = {
			isa = PBXGroup;
			children = (
				A20F4F381C5C159B003AF823 /* ToDoList.app */,
			);
			name = Products;
			sourceTree = "<group>";
		};
		A20F4F3A1C5C159B003AF823 /* ToDoList */ = {
			isa = PBXGroup;
			children = (
				A20F4F3B1C5C159B003AF823 /* AppDelegate.swift */,
				A20F4F3D1C5C159B003AF823 /* ViewController.swift */,
				A20F4F571C5C1A18003AF823 /* Task+CoreDataProperties.swift */,
				A20F4F581C5C1A18003AF823 /* Task.swift */,
				A20F4F3F1C5C159B003AF823 /* Main.storyboard */,
				A20F4F451C5C159B003AF823 /* Assets.xcassets */,
				A20F4F471C5C159B003AF823 /* LaunchScreen.storyboard */,
				A20F4F4A1C5C159B003AF823 /* Info.plist */,
				A20F4F421C5C159B003AF823 /* ToDoList.xcdatamodeld */,
			);
			path = ToDoList;
			sourceTree = "<group>";
		};
/* End PBXGroup section */

/* Begin PBXNativeTarget section */
		A20F4F371C5C159B003AF823 /* ToDoList */ = {
			isa = PBXNativeTarget;
			buildConfigurationList = A20F4F4D1C5C159B003AF823 /* Build configuration list for PBXNativeTarget "ToDoList" */;
			buildPhases = (
				A20F4F341C5C159B003AF823 /* Sources */,
				A20F4F351C5C159B003AF823 /* Frameworks */,
				A20F4F361C5C159B003AF823 /* Resources */,
			);
			buildRules = (
			);
			dependencies = (
			);
			name = ToDoList;
			productName = ToDoList;
			productReference = A20F4F381C5C159B003AF823 /* ToDoList.app */;
			productType = "com.apple.product-type.application";
		};
/* End PBXNativeTarget section */

/* Begin PBXProject section */
		A20F4F301C5C159B003AF823 /* Project object */ = {
			isa = PBXProject;
			attributes = {
				LastSwiftUpdateCheck = 0720;
				LastUpgradeCheck = 0720;
				ORGANIZATIONNAME = "Tai Nguyen Bui";
				TargetAttributes = {
					A20F4F371C5C159B003AF823 = {
						CreatedOnToolsVersion = 7.2;
						DevelopmentTeam = TT84SS6B3A;
					};
				};
			};
			buildConfigurationList = A20F4F331C5C159B003AF823 /* Build configuration list for PBXProject "ToDoList" */;
			compatibilityVersion = "Xcode 3.2";
			developmentRegion = English;
			hasScannedForEncodings = 0;
			knownRegions = (
				en,
				Base,
			);
			mainGroup = A20F4F2F1C5C159B003AF823;
			productRefGroup = A20F4F391C5C159B003AF823 /* Products */;
			projectDirPath = "";
			projectRoot = "";
			targets = (
				A20F4F371C5C159B003AF823 /* ToDoList */,
			);
		};
/* End PBXProject section */

/* Begin PBXResourcesBuildPhase section */
		A20F4F361C5C159B003AF823 /* Resources */ = {
			isa = PBXResourcesBuildPhase;
			buildActionMask = 2147483647;
			files = (
				A20F4F5B1C5C1A5A003AF823 /* Main.storyboard in Resources */,
				A20F4F491C5C159B003AF823 /* LaunchScreen.storyboard in Resources */,
				A20F4F461C5C159B003AF823 /* Assets.xcassets in Resources */,
			);
			runOnlyForDeploymentPostprocessing = 0;
		};
/* End PBXResourcesBuildPhase section */

/* Begin PBXSourcesBuildPhase section */
		A20F4F341C5C159B003AF823 /* Sources */ = {
			isa = PBXSourcesBuildPhase;
			buildActionMask = 2147483647;
			files = (
				A20F4F3E1C5C159B003AF823 /* ViewController.swift in Sources */,
				A20F4F441C5C159B003AF823 /* ToDoList.xcdatamodeld in Sources */,
				A20F4F5A1C5C1A18003AF823 /* Task.swift in Sources */,
				A20F4F591C5C1A18003AF823 /* Task+CoreDataProperties.swift in Sources */,
				A20F4F3C1C5C159B003AF823 /* AppDelegate.swift in Sources */,
			);
			runOnlyForDeploymentPostprocessing = 0;
		};
/* End PBXSourcesBuildPhase section */

/* Begin PBXVariantGroup section */
		A20F4F3F1C5C159B003AF823 /* Main.storyboard */ = {
			isa = PBXVariantGroup;
			children = (
				A20F4F401C5C159B003AF823 /* Base */,
			);
			name = Main.storyboard;
			sourceTree = "<group>";
		};
		A20F4F471C5C159B003AF823 /* LaunchScreen.storyboard */ = {
			isa = PBXVariantGroup;
			children = (
				A20F4F481C5C159B003AF823 /* Base */,
			);
			name = LaunchScreen.storyboard;
			sourceTree = "<group>";
		};
/* End PBXVariantGroup section */

/* Begin XCBuildConfiguration section */
		A20F4F4B1C5C159B003AF823 /* Debug */ = {
			isa = XCBuildConfiguration;
			buildSettings = {
				ALWAYS_SEARCH_USER_PATHS = NO;
				CLANG_CXX_LANGUAGE_STANDARD = "gnu++0x";
				CLANG_CXX_LIBRARY = "libc++";
				CLANG_ENABLE_MODULES = YES;
				CLANG_ENABLE_OBJC_ARC = YES;
				CLANG_WARN_BOOL_CONVERSION = YES;
				CLANG_WARN_CONSTANT_CONVERSION = YES;
				CLANG_WARN_DIRECT_OBJC_ISA_USAGE = YES_ERROR;
				CLANG_WARN_EMPTY_BODY = YES;
				CLANG_WARN_ENUM_CONVERSION = YES;
				CLANG_WARN_INT_CONVERSION = YES;
				CLANG_WARN_OBJC_ROOT_CLASS = YES_ERROR;
				CLANG_WARN_UNREACHABLE_CODE = YES;
				CLANG_WARN__DUPLICATE_METHOD_MATCH = YES;
				"CODE_SIGN_IDENTITY[sdk=iphoneos*]" = "iPhone Developer";
				COPY_PHASE_STRIP = NO;
				DEBUG_INFORMATION_FORMAT = dwarf;
				ENABLE_STRICT_OBJC_MSGSEND = YES;
				ENABLE_TESTABILITY = YES;
				GCC_C_LANGUAGE_STANDARD = gnu99;
				GCC_DYNAMIC_NO_PIC = NO;
				GCC_NO_COMMON_BLOCKS = YES;
				GCC_OPTIMIZATION_LEVEL = 0;
				GCC_PREPROCESSOR_DEFINITIONS = (
					"DEBUG=1",
					"$(inherited)",
				);
				GCC_WARN_64_TO_32_BIT_CONVERSION = YES;
				GCC_WARN_ABOUT_RETURN_TYPE = YES_ERROR;
				GCC_WARN_UNDECLARED_SELECTOR = YES;
				GCC_WARN_UNINITIALIZED_AUTOS = YES_AGGRESSIVE;
				GCC_WARN_UNUSED_FUNCTION = YES;
				GCC_WARN_UNUSED_VARIABLE = YES;
				IPHONEOS_DEPLOYMENT_TARGET = 9.2;
				MTL_ENABLE_DEBUG_INFO = YES;
				ONLY_ACTIVE_ARCH = YES;
				SDKROOT = iphoneos;
				SWIFT_OPTIMIZATION_LEVEL = "-Onone";
				TARGETED_DEVICE_FAMILY = "1,2";
			};
			name = Debug;
		};
		A20F4F4C1C5C159B003AF823 /* Release */ = {
			isa = XCBuildConfiguration;
			buildSettings = {
				ALWAYS_SEARCH_USER_PATHS = NO;
				CLANG_CXX_LANGUAGE_STANDARD = "gnu++0x";
				CLANG_CXX_LIBRARY = "libc++";
				CLANG_ENABLE_MODULES = YES;
				CLANG_ENABLE_OBJC_ARC = YES;
				CLANG_WARN_BOOL_CONVERSION = YES;
				CLANG_WARN_CONSTANT_CONVERSION = YES;
				CLANG_WARN_DIRECT_OBJC_ISA_USAGE = YES_ERROR;
				CLANG_WARN_EMPTY_BODY = YES;
				CLANG_WARN_ENUM_CONVERSION = YES;
				CLANG_WARN_INT_CONVERSION = YES;
				CLANG_WARN_OBJC_ROOT_CLASS = YES_ERROR;
				CLANG_WARN_UNREACHABLE_CODE = YES;
				CLANG_WARN__DUPLICATE_METHOD_MATCH = YES;
				"CODE_SIGN_IDENTITY[sdk=iphoneos*]" = "iPhone Developer";
				COPY_PHASE_STRIP = NO;
				DEBUG_INFORMATION_FORMAT = "dwarf-with-dsym";
				ENABLE_NS_ASSERTIONS = NO;
				ENABLE_STRICT_OBJC_MSGSEND = YES;
				GCC_C_LANGUAGE_STANDARD = gnu99;
				GCC_NO_COMMON_BLOCKS = YES;
				GCC_WARN_64_TO_32_BIT_CONVERSION = YES;
				GCC_WARN_ABOUT_RETURN_TYPE = YES_ERROR;
				GCC_WARN_UNDECLARED_SELECTOR = YES;
				GCC_WARN_UNINITIALIZED_AUTOS = YES_AGGRESSIVE;
				GCC_WARN_UNUSED_FUNCTION = YES;
				GCC_WARN_UNUSED_VARIABLE = YES;
				IPHONEOS_DEPLOYMENT_TARGET = 9.2;
				MTL_ENABLE_DEBUG_INFO = NO;
				SDKROOT = iphoneos;
				TARGETED_DEVICE_FAMILY = "1,2";
				VALIDATE_PRODUCT = YES;
			};
			name = Release;
		};
		A20F4F4E1C5C159B003AF823 /* Debug */ = {
			isa = XCBuildConfiguration;
			buildSettings = {
				ASSETCATALOG_COMPILER_APPICON_NAME = AppIcon;
				CLANG_ENABLE_MODULES = YES;
				INFOPLIST_FILE = ToDoList/Info.plist;
				LD_RUNPATH_SEARCH_PATHS = "$(inherited) @executable_path/Frameworks";
				PRODUCT_BUNDLE_IDENTIFIER = projects.tnb.ToDoList;
				PRODUCT_NAME = "$(TARGET_NAME)";
				SWIFT_OPTIMIZATION_LEVEL = "-Onone";
			};
			name = Debug;
		};
		A20F4F4F1C5C159B003AF823 /* Release */ = {
			isa = XCBuildConfiguration;
			buildSettings = {
				ASSETCATALOG_COMPILER_APPICON_NAME = AppIcon;
				CLANG_ENABLE_MODULES = YES;
				INFOPLIST_FILE = ToDoList/Info.plist;
				LD_RUNPATH_SEARCH_PATHS = "$(inherited) @executable_path/Frameworks";
				PRODUCT_BUNDLE_IDENTIFIER = projects.tnb.ToDoList;
				PRODUCT_NAME = "$(TARGET_NAME)";
			};
			name = Release;
		};
/* End XCBuildConfiguration section */

/* Begin XCConfigurationList section */
		A20F4F331C5C159B003AF823 /* Build configuration list for PBXProject "ToDoList" */ = {
			isa = XCConfigurationList;
			buildConfigurations = (
				A20F4F4B1C5C159B003AF823 /* Debug */,
				A20F4F4C1C5C159B003AF823 /* Release */,
			);
			defaultConfigurationIsVisible = 0;
			defaultConfigurationName = Release;
		};
		A20F4F4D1C5C159B003AF823 /* Build configuration list for PBXNativeTarget "ToDoList" */ = {
			isa = XCConfigurationList;
			buildConfigurations = (
				A20F4F4E1C5C159B003AF823 /* Debug */,
				A20F4F4F1C5C159B003AF823 /* Release */,
			);
			defaultConfigurationIsVisible = 0;
		};
/* End XCConfigurationList section */

/* Begin XCVersionGroup section */
		A20F4F421C5C159B003AF823 /* ToDoList.xcdatamodeld */ = {
			isa = XCVersionGroup;
			children = (
				A20F4F431C5C159B003AF823 /* ToDoList.xcdatamodel */,
			);
			currentVersion = A20F4F431C5C159B003AF823 /* ToDoList.xcdatamodel */;
			path = ToDoList.xcdatamodeld;
			sourceTree = "<group>";
			versionGroupType = wrapper.xcdatamodel;
		};
/* End XCVersionGroup section */
	};
	rootObject = A20F4F301C5C159B003AF823 /* Project object */;
}
